
Microsoft Visual Studio Solution File, Format Version 12.00
# Visual Studio Version 16
VisualStudioVersion = 16.0.31729.503
MinimumVisualStudioVersion = 10.0.40219.1
Project("{FAE04EC0-301F-11D3-BF4B-00C04F79EFBC}") = "IsYonetimPro.Shared", "IsYonetimPro.Shared\IsYonetimPro.Shared.csproj", "{76F16252-6B4C-4D5C-B2B3-8D583297077A}"
EndProject
Project("{FAE04EC0-301F-11D3-BF4B-00C04F79EFBC}") = "IsYonetimPro.Entities", "IsYonetimPro.Entities\IsYonetimPro.Entities.csproj", "{D67E402D-DDD9-4271-8A16-522EC4E5FFA6}"
EndProject
Project("{FAE04EC0-301F-11D3-BF4B-00C04F79EFBC}") = "IsYonetimPro.Data", "IsYonetimPro.Data\IsYonetimPro.Data.csproj", "{A30DB5ED-8619-4EE1-A257-6539B9B943EC}"
EndProject
Project("{FAE04EC0-301F-11D3-BF4B-00C04F79EFBC}") = "IsYonetimPro.Services", "IsYonetimPro.Services\IsYonetimPro.Services.csproj", "{E1E22318-6239-4843-890A-473877246D0D}"
EndProject
Project("{FAE04EC0-301F-11D3-BF4B-00C04F79EFBC}") = "IsYonetimPro.Mvc", "IsYonetimPro.Mvc\IsYonetimPro.Mvc.csproj", "{1B8CF3C4-395A-43C1-BC1D-9EC33191405B}"
EndProject
Global
	GlobalSection(SolutionConfigurationPlatforms) = preSolution
		Debug|Any CPU = Debug|Any CPU
		Release|Any CPU = Release|Any CPU
	EndGlobalSection
	GlobalSection(ProjectConfigurationPlatforms) = postSolution
		{76F16252-6B4C-4D5C-B2B3-8D583297077A}.Debug|Any CPU.ActiveCfg = Debug|Any CPU
		{76F16252-6B4C-4D5C-B2B3-8D583297077A}.Debug|Any CPU.Build.0 = Debug|Any CPU
		{76F16252-6B4C-4D5C-B2B3-8D583297077A}.Release|Any CPU.ActiveCfg = Release|Any CPU
		{76F16252-6B4C-4D5C-B2B3-8D583297077A}.Release|Any CPU.Build.0 = Release|Any CPU
		{D67E402D-DDD9-4271-8A16-522EC4E5FFA6}.Debug|Any CPU.ActiveCfg = Debug|Any CPU
		{D67E402D-DDD9-4271-8A16-522EC4E5FFA6}.Debug|Any CPU.Build.0 = Debug|Any CPU
		{D67E402D-DDD9-4271-8A16-522EC4E5FFA6}.Release|Any CPU.ActiveCfg = Release|Any CPU
		{D67E402D-DDD9-4271-8A16-522EC4E5FFA6}.Release|Any CPU.Build.0 = Release|Any CPU
		{A30DB5ED-8619-4EE1-A257-6539B9B943EC}.Debug|Any CPU.ActiveCfg = Debug|Any CPU
		{A30DB5ED-8619-4EE1-A257-6539B9B943EC}.Debug|Any CPU.Build.0 = Debug|Any CPU
		{A30DB5ED-8619-4EE1-A257-6539B9B943EC}.Release|Any CPU.ActiveCfg = Release|Any CPU
		{A30DB5ED-8619-4EE1-A257-6539B9B943EC}.Release|Any CPU.Build.0 = Release|Any CPU
		{E1E22318-6239-4843-890A-473877246D0D}.Debug|Any CPU.ActiveCfg = Debug|Any CPU
		{E1E22318-6239-4843-890A-473877246D0D}.Debug|Any CPU.Build.0 = Debug|Any CPU
		{E1E22318-6239-4843-890A-473877246D0D}.Release|Any CPU.ActiveCfg = Release|Any CPU
		{E1E22318-6239-4843-890A-473877246D0D}.Release|Any CPU.Build.0 = Release|Any CPU
		{1B8CF3C4-395A-43C1-BC1D-9EC33191405B}.Debug|Any CPU.ActiveCfg = Debug|Any CPU
		{1B8CF3C4-395A-43C1-BC1D-9EC33191405B}.Debug|Any CPU.Build.0 = Debug|Any CPU
		{1B8CF3C4-395A-43C1-BC1D-9EC33191405B}.Release|Any CPU.ActiveCfg = Release|Any CPU
		{1B8CF3C4-395A-43C1-BC1D-9EC33191405B}.Release|Any CPU.Build.0 = Release|Any CPU
	EndGlobalSection
	GlobalSection(SolutionProperties) = preSolution
		HideSolutionNode = FALSE
	EndGlobalSection
	GlobalSection(ExtensibilityGlobals) = postSolution
		SolutionGuid = {97E7A148-2396-487D-A851-AAA7688B7F82}
	EndGlobalSection
EndGlobal
